
Microsoft Visual Studio Solution File, Format Version 12.00
# Visual Studio Version 17
VisualStudioVersion = 17.0.31903.59
MinimumVisualStudioVersion = 10.0.40219.1
Project("{9A19103F-16F7-4668-BE54-9A1E7A4F7556}") = "CelestialMapper.UI", "CelestialMapper.UI\CelestialMapper.UI.csproj", "{EA683096-B5CE-402F-8A6E-80E2088AD18F}"
EndProject
Project("{9A19103F-16F7-4668-BE54-9A1E7A4F7556}") = "CelestialMapper.Core", "CelestialMapper.Core\CelestialMapper.Core.csproj", "{BD33C677-35BB-45B3-BAD6-7A6199D7059D}"
EndProject
Project("{9A19103F-16F7-4668-BE54-9A1E7A4F7556}") = "CelestialMapper.Common", "CelestialMapper.Common\CelestialMapper.Common.csproj", "{D4E932E8-CF0C-4789-8139-686EEDEC25EB}"
EndProject
Project("{FAE04EC0-301F-11D3-BF4B-00C04F79EFBC}") = "CelestialMapper.Core.Test", "CelestialMapper.Core.Test\CelestialMapper.Core.Test.csproj", "{A41DF23F-4AB3-43A0-8A4C-CA542DD857F1}"
EndProject
Global
	GlobalSection(SolutionConfigurationPlatforms) = preSolution
		Debug|Any CPU = Debug|Any CPU
		Release|Any CPU = Release|Any CPU
	EndGlobalSection
	GlobalSection(ProjectConfigurationPlatforms) = postSolution
		{EA683096-B5CE-402F-8A6E-80E2088AD18F}.Debug|Any CPU.ActiveCfg = Debug|Any CPU
		{EA683096-B5CE-402F-8A6E-80E2088AD18F}.Debug|Any CPU.Build.0 = Debug|Any CPU
		{EA683096-B5CE-402F-8A6E-80E2088AD18F}.Release|Any CPU.ActiveCfg = Release|Any CPU
		{EA683096-B5CE-402F-8A6E-80E2088AD18F}.Release|Any CPU.Build.0 = Release|Any CPU
		{BD33C677-35BB-45B3-BAD6-7A6199D7059D}.Debug|Any CPU.ActiveCfg = Debug|Any CPU
		{BD33C677-35BB-45B3-BAD6-7A6199D7059D}.Debug|Any CPU.Build.0 = Debug|Any CPU
		{BD33C677-35BB-45B3-BAD6-7A6199D7059D}.Release|Any CPU.ActiveCfg = Release|Any CPU
		{BD33C677-35BB-45B3-BAD6-7A6199D7059D}.Release|Any CPU.Build.0 = Release|Any CPU
		{D4E932E8-CF0C-4789-8139-686EEDEC25EB}.Debug|Any CPU.ActiveCfg = Debug|Any CPU
		{D4E932E8-CF0C-4789-8139-686EEDEC25EB}.Debug|Any CPU.Build.0 = Debug|Any CPU
		{D4E932E8-CF0C-4789-8139-686EEDEC25EB}.Release|Any CPU.ActiveCfg = Release|Any CPU
		{D4E932E8-CF0C-4789-8139-686EEDEC25EB}.Release|Any CPU.Build.0 = Release|Any CPU
		{A41DF23F-4AB3-43A0-8A4C-CA542DD857F1}.Debug|Any CPU.ActiveCfg = Debug|Any CPU
		{A41DF23F-4AB3-43A0-8A4C-CA542DD857F1}.Debug|Any CPU.Build.0 = Debug|Any CPU
		{A41DF23F-4AB3-43A0-8A4C-CA542DD857F1}.Release|Any CPU.ActiveCfg = Release|Any CPU
		{A41DF23F-4AB3-43A0-8A4C-CA542DD857F1}.Release|Any CPU.Build.0 = Release|Any CPU
	EndGlobalSection
	GlobalSection(SolutionProperties) = preSolution
		HideSolutionNode = FALSE
	EndGlobalSection
	GlobalSection(ExtensibilityGlobals) = postSolution
		SolutionGuid = {8643E7F0-8D58-498B-AEF0-3D6D58544E8D}
	EndGlobalSection
EndGlobal
